
Microsoft Visual Studio Solution File, Format Version 12.00
# Visual Studio 15
VisualStudioVersion = 15.0.28010.2048
MinimumVisualStudioVersion = 10.0.40219.1
Project("{8BC9CEB8-8B4A-11D0-8D11-00A0C91BC942}") = "brainfuck interpreter", "brainfuck interpreter\brainfuck interpreter.vcxproj", "{9EF87E81-C63B-4021-ACD1-187C53D3DB4A}"
EndProject
Global
	GlobalSection(SolutionConfigurationPlatforms) = preSolution
		Debug|x64 = Debug|x64
		Debug|x86 = Debug|x86
		Release|x64 = Release|x64
		Release|x86 = Release|x86
	EndGlobalSection
	GlobalSection(ProjectConfigurationPlatforms) = postSolution
		{9EF87E81-C63B-4021-ACD1-187C53D3DB4A}.Debug|x64.ActiveCfg = Debug|x64
		{9EF87E81-C63B-4021-ACD1-187C53D3DB4A}.Debug|x64.Build.0 = Debug|x64
		{9EF87E81-C63B-4021-ACD1-187C53D3DB4A}.Debug|x86.ActiveCfg = Debug|Win32
		{9EF87E81-C63B-4021-ACD1-187C53D3DB4A}.Debug|x86.Build.0 = Debug|Win32
		{9EF87E81-C63B-4021-ACD1-187C53D3DB4A}.Release|x64.ActiveCfg = Release|x64
		{9EF87E81-C63B-4021-ACD1-187C53D3DB4A}.Release|x64.Build.0 = Release|x64
		{9EF87E81-C63B-4021-ACD1-187C53D3DB4A}.Release|x86.ActiveCfg = Release|Win32
		{9EF87E81-C63B-4021-ACD1-187C53D3DB4A}.Release|x86.Build.0 = Release|Win32
	EndGlobalSection
	GlobalSection(SolutionProperties) = preSolution
		HideSolutionNode = FALSE
	EndGlobalSection
	GlobalSection(ExtensibilityGlobals) = postSolution
		SolutionGuid = {083B03B2-E388-45B0-AE33-79A29385332F}
	EndGlobalSection
EndGlobal
